{
  "name": "functions",
  "version": "0.0.0",
  "lockfileVersion": 1,
  "requires": true,
  "dependencies": {
    "bfastnode": {
      "version": "4.0.0-beta.21",
      "resolved": "https://registry.npmjs.org/bfastnode/-/bfastnode-4.0.0-beta.21.tgz",
      "integrity": "sha512-picAhLDgGWMp2+ToacrDQ1CWTa06eM4iSL890yqRr4QPQgnt8M4zbOSbwEfh3iHboLV/SuaBFE4qWaof9YFj7Q=="
    }
  }
}
